
Microsoft Visual Studio Solution File, Format Version 12.00
# Visual Studio Version 16
VisualStudioVersion = 16.0.31025.194
MinimumVisualStudioVersion = 10.0.40219.1
Project("{FAE04EC0-301F-11D3-BF4B-00C04F79EFBC}") = "WPF_MVVM_Frameworks", "WPF_MVVM_Frameworks\WPF_MVVM_Frameworks.csproj", "{580626B9-9DF5-483C-8EEB-C392C66D3392}"
EndProject
Global
	GlobalSection(SolutionConfigurationPlatforms) = preSolution
		Debug|Any CPU = Debug|Any CPU
		Release|Any CPU = Release|Any CPU
	EndGlobalSection
	GlobalSection(ProjectConfigurationPlatforms) = postSolution
		{580626B9-9DF5-483C-8EEB-C392C66D3392}.Debug|Any CPU.ActiveCfg = Debug|Any CPU
		{580626B9-9DF5-483C-8EEB-C392C66D3392}.Debug|Any CPU.Build.0 = Debug|Any CPU
		{580626B9-9DF5-483C-8EEB-C392C66D3392}.Release|Any CPU.ActiveCfg = Release|Any CPU
		{580626B9-9DF5-483C-8EEB-C392C66D3392}.Release|Any CPU.Build.0 = Release|Any CPU
	EndGlobalSection
	GlobalSection(SolutionProperties) = preSolution
		HideSolutionNode = FALSE
	EndGlobalSection
	GlobalSection(ExtensibilityGlobals) = postSolution
		SolutionGuid = {31A09D43-38B1-48FA-B528-182DA4754AFA}
	EndGlobalSection
EndGlobal
